{
  "originHash" : "a605a6cd42ee7419c63ca6ba4d15f5de43f26ac21ab600349005f78762fa4132",
  "pins" : [
    {
      "identity" : "charts",
      "kind" : "remoteSourceControl",
      "location" : "https://github.com/danielgindi/Charts",
      "state" : {
        "revision" : "dd9c72e3d7e751e769971092a6bd72d39198ae63",
        "version" : "5.1.0"
      }
    },
    {
      "identity" : "swiftuicharts",
      "kind" : "remoteSourceControl",
      "location" : "https://github.com/willdale/SwiftUICharts.git",
      "state" : {
        "revision" : "53a3a2f16730af6709283f83a9dc75a3dde252ff",
        "version" : "2.10.2"
      }
    }
  ],
  "version" : 3
}
